
Microsoft Visual Studio Solution File, Format Version 11.00
# Visual Studio 2010
# SharpDevelop 5.1
Project("{FAE04EC0-301F-11D3-BF4B-00C04F79EFBC}") = "Tpa\Tpa", "Tpa\Tpa.csproj", "{6B6B1815-2E98-4E61-B340-A85DE286C591}"
EndProject
Global
	GlobalSection(SolutionConfigurationPlatforms) = preSolution
		Debug|Any CPU = Debug|Any CPU
		Release|Any CPU = Release|Any CPU
	EndGlobalSection
	GlobalSection(ProjectConfigurationPlatforms) = postSolution
		{6B6B1815-2E98-4E61-B340-A85DE286C591}.Debug|Any CPU.ActiveCfg = Debug|Any CPU
		{6B6B1815-2E98-4E61-B340-A85DE286C591}.Debug|Any CPU.Build.0 = Debug|Any CPU
		{6B6B1815-2E98-4E61-B340-A85DE286C591}.Release|Any CPU.ActiveCfg = Release|Any CPU
		{6B6B1815-2E98-4E61-B340-A85DE286C591}.Release|Any CPU.Build.0 = Release|Any CPU
	EndGlobalSection
EndGlobal
